
Microsoft Visual Studio Solution File, Format Version 12.00
# Visual Studio Version 16
VisualStudioVersion = 16.0.30204.135
MinimumVisualStudioVersion = 10.0.40219.1
Project("{9A19103F-16F7-4668-BE54-9A1E7A4F7556}") = "ContentsLimitInsurance", "ContentsLimitInsurance\ContentsLimitInsurance.csproj", "{AE602C17-A254-4B51-AB8B-7EB83FA798B7}"
EndProject
Project("{2150E333-8FDC-42A3-9474-1A3956D46DE8}") = "tests", "tests", "{0DAA75CF-E1F9-487F-866F-3EBB63112050}"
EndProject
Project("{FAE04EC0-301F-11D3-BF4B-00C04F79EFBC}") = "ContentsLimitInsurance.IntegrationTests", "test\ContentsLimitInsurance.IntegrationTests\ContentsLimitInsurance.IntegrationTests.csproj", "{40C35362-3D74-4ECE-985A-D2DCEACAB787}"
EndProject
Global
	GlobalSection(SolutionConfigurationPlatforms) = preSolution
		Debug|Any CPU = Debug|Any CPU
		Release|Any CPU = Release|Any CPU
	EndGlobalSection
	GlobalSection(ProjectConfigurationPlatforms) = postSolution
		{AE602C17-A254-4B51-AB8B-7EB83FA798B7}.Debug|Any CPU.ActiveCfg = Debug|Any CPU
		{AE602C17-A254-4B51-AB8B-7EB83FA798B7}.Debug|Any CPU.Build.0 = Debug|Any CPU
		{AE602C17-A254-4B51-AB8B-7EB83FA798B7}.Release|Any CPU.ActiveCfg = Release|Any CPU
		{AE602C17-A254-4B51-AB8B-7EB83FA798B7}.Release|Any CPU.Build.0 = Release|Any CPU
		{40C35362-3D74-4ECE-985A-D2DCEACAB787}.Debug|Any CPU.ActiveCfg = Debug|Any CPU
		{40C35362-3D74-4ECE-985A-D2DCEACAB787}.Debug|Any CPU.Build.0 = Debug|Any CPU
		{40C35362-3D74-4ECE-985A-D2DCEACAB787}.Release|Any CPU.ActiveCfg = Release|Any CPU
		{40C35362-3D74-4ECE-985A-D2DCEACAB787}.Release|Any CPU.Build.0 = Release|Any CPU
	EndGlobalSection
	GlobalSection(SolutionProperties) = preSolution
		HideSolutionNode = FALSE
	EndGlobalSection
	GlobalSection(NestedProjects) = preSolution
	{40C35362-3D74-4ECE-985A-D2DCEACAB787}={0DAA75CF-E1F9-487F-866F-3EBB63112050}
	EndGlobalSection 
	GlobalSection(ExtensibilityGlobals) = postSolution
		SolutionGuid = {C7D4F367-557A-45CB-A568-053E6D152076}
	EndGlobalSection
EndGlobal
